
Microsoft Visual Studio Solution File, Format Version 12.00
# Visual Studio Version 17
VisualStudioVersion = 17.11.35303.130
MinimumVisualStudioVersion = 10.0.40219.1
Project("{2150E333-8FDC-42A3-9474-1A3956D46DE8}") = "Services", "Services", "{34F181B3-327F-4615-AFB5-60F834ED010A}"
EndProject
Project("{2150E333-8FDC-42A3-9474-1A3956D46DE8}") = "Catalog", "Catalog", "{72AF71AE-7827-4EAF-82DD-7640F27FE9A8}"
EndProject
Project("{2150E333-8FDC-42A3-9474-1A3956D46DE8}") = "Discount", "Discount", "{5039275F-FE4B-405B-AB08-6A6DDB136EA7}"
EndProject
Project("{9A19103F-16F7-4668-BE54-9A1E7A4F7556}") = "MultiShop.Discount", "Services\Discount\MultiShop.Discount\MultiShop.Discount.csproj", "{D98C2A17-3AD0-457C-9EFC-467B0F4E744F}"
EndProject
Project("{9A19103F-16F7-4668-BE54-9A1E7A4F7556}") = "MultiShop.Catalog", "Services\Catalog\MultiShop.Catalog\MultiShop.Catalog.csproj", "{6B0BA9D6-E838-442E-BB91-FA67EA419E88}"
EndProject
Project("{2150E333-8FDC-42A3-9474-1A3956D46DE8}") = "Order", "Order", "{E6F2E466-A7FE-4EB5-941F-B8C9CDAEDA2E}"
EndProject
Project("{2150E333-8FDC-42A3-9474-1A3956D46DE8}") = "Core", "Core", "{398D852D-33F7-4F39-B8D5-0E294536DAB4}"
EndProject
Project("{2150E333-8FDC-42A3-9474-1A3956D46DE8}") = "Infrastructure", "Infrastructure", "{C1DC852A-C323-4B37-86F0-5FB948BFC219}"
EndProject
Project("{2150E333-8FDC-42A3-9474-1A3956D46DE8}") = "Presentation", "Presentation", "{4E8E5F71-C945-44F5-B121-F6AFCCA2B1D5}"
EndProject
Project("{9A19103F-16F7-4668-BE54-9A1E7A4F7556}") = "MultiShop.Order.Domain", "Services\Order\Core\MultiShop.Order.Domain\MultiShop.Order.Domain.csproj", "{550CA249-4FD7-472C-9854-10CC6E3B04D0}"
EndProject
Project("{9A19103F-16F7-4668-BE54-9A1E7A4F7556}") = "MultiShop.Order.Application", "Services\Order\Core\MultiShop.Order.Application\MultiShop.Order.Application.csproj", "{CC6AFF66-A961-49DD-9804-7E71071F6D78}"
EndProject
Project("{9A19103F-16F7-4668-BE54-9A1E7A4F7556}") = "MultiShop.Order.Persistence", "Services\Order\Infrastructure\MultiShop.Order.Persistence\MultiShop.Order.Persistence.csproj", "{FEC11FB9-6791-4685-91EE-7CB7E8846D1E}"
EndProject
Project("{9A19103F-16F7-4668-BE54-9A1E7A4F7556}") = "MultiShop.Order.WebApi", "Services\Order\Presentation\MultiShop.Order.WebApi\MultiShop.Order.WebApi.csproj", "{6CE0E49C-057E-4CF2-9585-7FFC90B938BC}"
EndProject
Project("{2150E333-8FDC-42A3-9474-1A3956D46DE8}") = "IdentityServer", "IdentityServer", "{056508DE-6F86-48DC-9093-433E6F3F0D58}"
EndProject
Project("{9A19103F-16F7-4668-BE54-9A1E7A4F7556}") = "MultiShop.IdentityServer", "IdentityServer\MultiShop.IdentityServer\MultiShop.IdentityServer.csproj", "{A171372E-AB50-4B0A-A610-A9096FE929D7}"
EndProject
Project("{2150E333-8FDC-42A3-9474-1A3956D46DE8}") = "Requierments", "Requierments", "{18304B2B-FDC0-4714-9A97-A2A379B27233}"
	ProjectSection(SolutionItems) = preProject
		IdentityServerVersionErrorSolution.txt = IdentityServerVersionErrorSolution.txt
		PortainerCmd.txt = PortainerCmd.txt
	EndProjectSection
EndProject
Global
	GlobalSection(SolutionConfigurationPlatforms) = preSolution
		Debug|Any CPU = Debug|Any CPU
		Release|Any CPU = Release|Any CPU
	EndGlobalSection
	GlobalSection(ProjectConfigurationPlatforms) = postSolution
		{D98C2A17-3AD0-457C-9EFC-467B0F4E744F}.Debug|Any CPU.ActiveCfg = Debug|Any CPU
		{D98C2A17-3AD0-457C-9EFC-467B0F4E744F}.Debug|Any CPU.Build.0 = Debug|Any CPU
		{D98C2A17-3AD0-457C-9EFC-467B0F4E744F}.Release|Any CPU.ActiveCfg = Release|Any CPU
		{D98C2A17-3AD0-457C-9EFC-467B0F4E744F}.Release|Any CPU.Build.0 = Release|Any CPU
		{6B0BA9D6-E838-442E-BB91-FA67EA419E88}.Debug|Any CPU.ActiveCfg = Debug|Any CPU
		{6B0BA9D6-E838-442E-BB91-FA67EA419E88}.Debug|Any CPU.Build.0 = Debug|Any CPU
		{6B0BA9D6-E838-442E-BB91-FA67EA419E88}.Release|Any CPU.ActiveCfg = Release|Any CPU
		{6B0BA9D6-E838-442E-BB91-FA67EA419E88}.Release|Any CPU.Build.0 = Release|Any CPU
		{550CA249-4FD7-472C-9854-10CC6E3B04D0}.Debug|Any CPU.ActiveCfg = Debug|Any CPU
		{550CA249-4FD7-472C-9854-10CC6E3B04D0}.Debug|Any CPU.Build.0 = Debug|Any CPU
		{550CA249-4FD7-472C-9854-10CC6E3B04D0}.Release|Any CPU.ActiveCfg = Release|Any CPU
		{550CA249-4FD7-472C-9854-10CC6E3B04D0}.Release|Any CPU.Build.0 = Release|Any CPU
		{CC6AFF66-A961-49DD-9804-7E71071F6D78}.Debug|Any CPU.ActiveCfg = Debug|Any CPU
		{CC6AFF66-A961-49DD-9804-7E71071F6D78}.Debug|Any CPU.Build.0 = Debug|Any CPU
		{CC6AFF66-A961-49DD-9804-7E71071F6D78}.Release|Any CPU.ActiveCfg = Release|Any CPU
		{CC6AFF66-A961-49DD-9804-7E71071F6D78}.Release|Any CPU.Build.0 = Release|Any CPU
		{FEC11FB9-6791-4685-91EE-7CB7E8846D1E}.Debug|Any CPU.ActiveCfg = Debug|Any CPU
		{FEC11FB9-6791-4685-91EE-7CB7E8846D1E}.Debug|Any CPU.Build.0 = Debug|Any CPU
		{FEC11FB9-6791-4685-91EE-7CB7E8846D1E}.Release|Any CPU.ActiveCfg = Release|Any CPU
		{FEC11FB9-6791-4685-91EE-7CB7E8846D1E}.Release|Any CPU.Build.0 = Release|Any CPU
		{6CE0E49C-057E-4CF2-9585-7FFC90B938BC}.Debug|Any CPU.ActiveCfg = Debug|Any CPU
		{6CE0E49C-057E-4CF2-9585-7FFC90B938BC}.Debug|Any CPU.Build.0 = Debug|Any CPU
		{6CE0E49C-057E-4CF2-9585-7FFC90B938BC}.Release|Any CPU.ActiveCfg = Release|Any CPU
		{6CE0E49C-057E-4CF2-9585-7FFC90B938BC}.Release|Any CPU.Build.0 = Release|Any CPU
		{A171372E-AB50-4B0A-A610-A9096FE929D7}.Debug|Any CPU.ActiveCfg = Debug|Any CPU
		{A171372E-AB50-4B0A-A610-A9096FE929D7}.Debug|Any CPU.Build.0 = Debug|Any CPU
		{A171372E-AB50-4B0A-A610-A9096FE929D7}.Release|Any CPU.ActiveCfg = Release|Any CPU
		{A171372E-AB50-4B0A-A610-A9096FE929D7}.Release|Any CPU.Build.0 = Release|Any CPU
	EndGlobalSection
	GlobalSection(SolutionProperties) = preSolution
		HideSolutionNode = FALSE
	EndGlobalSection
	GlobalSection(NestedProjects) = preSolution
		{72AF71AE-7827-4EAF-82DD-7640F27FE9A8} = {34F181B3-327F-4615-AFB5-60F834ED010A}
		{5039275F-FE4B-405B-AB08-6A6DDB136EA7} = {34F181B3-327F-4615-AFB5-60F834ED010A}
		{D98C2A17-3AD0-457C-9EFC-467B0F4E744F} = {5039275F-FE4B-405B-AB08-6A6DDB136EA7}
		{6B0BA9D6-E838-442E-BB91-FA67EA419E88} = {72AF71AE-7827-4EAF-82DD-7640F27FE9A8}
		{E6F2E466-A7FE-4EB5-941F-B8C9CDAEDA2E} = {34F181B3-327F-4615-AFB5-60F834ED010A}
		{398D852D-33F7-4F39-B8D5-0E294536DAB4} = {E6F2E466-A7FE-4EB5-941F-B8C9CDAEDA2E}
		{C1DC852A-C323-4B37-86F0-5FB948BFC219} = {E6F2E466-A7FE-4EB5-941F-B8C9CDAEDA2E}
		{4E8E5F71-C945-44F5-B121-F6AFCCA2B1D5} = {E6F2E466-A7FE-4EB5-941F-B8C9CDAEDA2E}
		{550CA249-4FD7-472C-9854-10CC6E3B04D0} = {398D852D-33F7-4F39-B8D5-0E294536DAB4}
		{CC6AFF66-A961-49DD-9804-7E71071F6D78} = {398D852D-33F7-4F39-B8D5-0E294536DAB4}
		{FEC11FB9-6791-4685-91EE-7CB7E8846D1E} = {C1DC852A-C323-4B37-86F0-5FB948BFC219}
		{6CE0E49C-057E-4CF2-9585-7FFC90B938BC} = {4E8E5F71-C945-44F5-B121-F6AFCCA2B1D5}
		{A171372E-AB50-4B0A-A610-A9096FE929D7} = {056508DE-6F86-48DC-9093-433E6F3F0D58}
	EndGlobalSection
	GlobalSection(ExtensibilityGlobals) = postSolution
		SolutionGuid = {2FDF0E86-FCC8-497E-BB00-39B221662422}
	EndGlobalSection
EndGlobal
