
Microsoft Visual Studio Solution File, Format Version 12.00
# Visual Studio Version 17
VisualStudioVersion = 17.11.35303.130
MinimumVisualStudioVersion = 10.0.40219.1
Project("{2150E333-8FDC-42A3-9474-1A3956D46DE8}") = "Services", "Services", "{34F181B3-327F-4615-AFB5-60F834ED010A}"
EndProject
Project("{2150E333-8FDC-42A3-9474-1A3956D46DE8}") = "Catalog", "Catalog", "{72AF71AE-7827-4EAF-82DD-7640F27FE9A8}"
EndProject
Project("{2150E333-8FDC-42A3-9474-1A3956D46DE8}") = "Discount", "Discount", "{5039275F-FE4B-405B-AB08-6A6DDB136EA7}"
EndProject
Project("{9A19103F-16F7-4668-BE54-9A1E7A4F7556}") = "MultiShop.Discount", "Services\Discount\MultiShop.Discount\MultiShop.Discount.csproj", "{D98C2A17-3AD0-457C-9EFC-467B0F4E744F}"
EndProject
Project("{9A19103F-16F7-4668-BE54-9A1E7A4F7556}") = "MultiShop.Catalog", "Services\Catalog\MultiShop.Catalog\MultiShop.Catalog.csproj", "{6B0BA9D6-E838-442E-BB91-FA67EA419E88}"
EndProject
Project("{2150E333-8FDC-42A3-9474-1A3956D46DE8}") = "Order", "Order", "{E6F2E466-A7FE-4EB5-941F-B8C9CDAEDA2E}"
EndProject
Project("{2150E333-8FDC-42A3-9474-1A3956D46DE8}") = "Core", "Core", "{398D852D-33F7-4F39-B8D5-0E294536DAB4}"
EndProject
Project("{2150E333-8FDC-42A3-9474-1A3956D46DE8}") = "Infrastructure", "Infrastructure", "{C1DC852A-C323-4B37-86F0-5FB948BFC219}"
EndProject
Project("{2150E333-8FDC-42A3-9474-1A3956D46DE8}") = "Presentation", "Presentation", "{4E8E5F71-C945-44F5-B121-F6AFCCA2B1D5}"
EndProject
Project("{9A19103F-16F7-4668-BE54-9A1E7A4F7556}") = "MultiShop.Order.Domain", "Services\Order\Core\MultiShop.Order.Domain\MultiShop.Order.Domain.csproj", "{550CA249-4FD7-472C-9854-10CC6E3B04D0}"
EndProject
Project("{9A19103F-16F7-4668-BE54-9A1E7A4F7556}") = "MultiShop.Order.Application", "Services\Order\Core\MultiShop.Order.Application\MultiShop.Order.Application.csproj", "{CC6AFF66-A961-49DD-9804-7E71071F6D78}"
EndProject
Project("{9A19103F-16F7-4668-BE54-9A1E7A4F7556}") = "MultiShop.Order.Persistence", "Services\Order\Infrastructure\MultiShop.Order.Persistence\MultiShop.Order.Persistence.csproj", "{FEC11FB9-6791-4685-91EE-7CB7E8846D1E}"
EndProject
Project("{9A19103F-16F7-4668-BE54-9A1E7A4F7556}") = "MultiShop.Order.WebApi", "Services\Order\Presentation\MultiShop.Order.WebApi\MultiShop.Order.WebApi.csproj", "{6CE0E49C-057E-4CF2-9585-7FFC90B938BC}"
EndProject
Project("{2150E333-8FDC-42A3-9474-1A3956D46DE8}") = "IdentityServer", "IdentityServer", "{056508DE-6F86-48DC-9093-433E6F3F0D58}"
EndProject
Project("{9A19103F-16F7-4668-BE54-9A1E7A4F7556}") = "MultiShop.IdentityServer", "IdentityServer\MultiShop.IdentityServer\MultiShop.IdentityServer.csproj", "{A171372E-AB50-4B0A-A610-A9096FE929D7}"
EndProject
Project("{2150E333-8FDC-42A3-9474-1A3956D46DE8}") = "Requierments", "Requierments", "{18304B2B-FDC0-4714-9A97-A2A379B27233}"
	ProjectSection(SolutionItems) = preProject
		GoogleCloud.txt = GoogleCloud.txt
		IdentityServerVersionErrorSolution.txt = IdentityServerVersionErrorSolution.txt
		LoginIndexCs.txt = LoginIndexCs.txt
		OcelotCodeExample.txt = OcelotCodeExample.txt
		OcelotLink.txt = OcelotLink.txt
		OrderHtml.txt = OrderHtml.txt
		PortainerCmd.txt = PortainerCmd.txt
		PortNumbers.txt = PortNumbers.txt
		SimpleCode.txt = SimpleCode.txt
		UserExample.txt = UserExample.txt
	EndProjectSection
EndProject
Project("{2150E333-8FDC-42A3-9474-1A3956D46DE8}") = "Cargo", "Cargo", "{7D07CEE5-D4FA-4E70-9BFA-24646C7F7CB0}"
EndProject
Project("{9A19103F-16F7-4668-BE54-9A1E7A4F7556}") = "MultiShop.Cargo.BusinessLayer", "Services\Cargo\MultiShop.Cargo.BusinessLayer\MultiShop.Cargo.BusinessLayer.csproj", "{B5DE37F4-6336-44B9-B730-ADAAD46ABF0F}"
EndProject
Project("{9A19103F-16F7-4668-BE54-9A1E7A4F7556}") = "MultiShop.Cargo.DataAccessLayer", "Services\Cargo\MultiShop.Cargo.DataAccessLayer\MultiShop.Cargo.DataAccessLayer.csproj", "{A54CE56D-E205-426C-ABE3-F1D277154B1D}"
EndProject
Project("{9A19103F-16F7-4668-BE54-9A1E7A4F7556}") = "MultiShop.Cargo.DtoLayer", "Services\Cargo\MultiShop.Cargo.DtoLayer\MultiShop.Cargo.DtoLayer.csproj", "{64D4ED4F-5835-456D-B72B-59AFC1597748}"
EndProject
Project("{9A19103F-16F7-4668-BE54-9A1E7A4F7556}") = "MultiShop.Cargo.EntityLayer", "Services\Cargo\MultiShop.Cargo.EntityLayer\MultiShop.Cargo.EntityLayer.csproj", "{D0CCC07E-670B-497A-98B8-C8E649F7E404}"
EndProject
Project("{9A19103F-16F7-4668-BE54-9A1E7A4F7556}") = "MultiShop.Cargo.WebApi", "Services\Cargo\MultiShop.Cargo.WebApi\MultiShop.Cargo.WebApi.csproj", "{81CC0983-90FC-4F09-82BC-E2A5BF244031}"
EndProject
Project("{2150E333-8FDC-42A3-9474-1A3956D46DE8}") = "Basket", "Basket", "{C8FC8799-4631-4CFA-A8C2-AF0C8AC0DA03}"
EndProject
Project("{9A19103F-16F7-4668-BE54-9A1E7A4F7556}") = "MultiShop.Basket", "Services\Basket\MultiShop.Basket\MultiShop.Basket.csproj", "{556E5BDC-1E2C-4B45-9C81-5DAC732B434A}"
EndProject
Project("{2150E333-8FDC-42A3-9474-1A3956D46DE8}") = "Frontends", "Frontends", "{D46EF354-D4FF-41F4-AE66-CC35E034BAAF}"
EndProject
Project("{9A19103F-16F7-4668-BE54-9A1E7A4F7556}") = "MultiShop.WebUI", "Frontends\MultiShop.WebUI\MultiShop.WebUI.csproj", "{E501DD83-E5F1-414C-BBA2-C40C6EEE36AA}"
EndProject
Project("{9A19103F-16F7-4668-BE54-9A1E7A4F7556}") = "MultiShop.DtoLayer", "Frontends\MultiShop.DtoLayer\MultiShop.DtoLayer.csproj", "{4652F291-9D57-44AB-8F11-0397F919CDDE}"
EndProject
Project("{2150E333-8FDC-42A3-9474-1A3956D46DE8}") = "Comment", "Comment", "{AB8C7F55-4CD9-4D86-9CC1-C9C5229CBF60}"
EndProject
Project("{9A19103F-16F7-4668-BE54-9A1E7A4F7556}") = "MultiShop.Comment", "Services\Comment\MultiShop.Comment\MultiShop.Comment.csproj", "{18FE9D36-9916-46D2-8C54-6BC19B26A413}"
EndProject
Project("{2150E333-8FDC-42A3-9474-1A3956D46DE8}") = "ApiGateway", "ApiGateway", "{D2B9A8E2-E82F-475A-AF47-B11504CCC96F}"
EndProject
Project("{2150E333-8FDC-42A3-9474-1A3956D46DE8}") = "RapidApi", "RapidApi", "{D4423CC2-4C19-4774-933B-1D07B51F8E60}"
EndProject
Project("{9A19103F-16F7-4668-BE54-9A1E7A4F7556}") = "MultiShop.OcelotGateway", "ApiGateway\MultiShop.OcelotGateway\MultiShop.OcelotGateway.csproj", "{18498A24-3E4A-431C-AE84-F797A0D52268}"
EndProject
Project("{2150E333-8FDC-42A3-9474-1A3956D46DE8}") = "Payment", "Payment", "{A991B4EB-B401-4A80-9C52-80B0C955BEFB}"
EndProject
Project("{9A19103F-16F7-4668-BE54-9A1E7A4F7556}") = "MultiShop.Payment", "Services\Payment\MultiShop.Payment\MultiShop.Payment.csproj", "{DB340399-7ACD-483F-B5C8-8ED9D5C8E58D}"
EndProject
Project("{2150E333-8FDC-42A3-9474-1A3956D46DE8}") = "Images", "Images", "{629D89C1-E787-40BC-8641-AFF5BA6712CA}"
EndProject
Project("{9A19103F-16F7-4668-BE54-9A1E7A4F7556}") = "MultiShop.Images", "Services\Images\MultiShop.Images\MultiShop.Images.csproj", "{4B91FC6D-4AFD-46BE-8616-1CBAF98FB828}"
EndProject
Project("{2150E333-8FDC-42A3-9474-1A3956D46DE8}") = "Message", "Message", "{84E6C143-9B5F-460D-9A4A-84B7148D4EA1}"
EndProject
Project("{9A19103F-16F7-4668-BE54-9A1E7A4F7556}") = "MultiShop.Message", "Services\Message\MultiShop.Message\MultiShop.Message.csproj", "{30EA0ED4-B5D9-4074-8D1B-B4AA4D9BBD6F}"
EndProject
Project("{2150E333-8FDC-42A3-9474-1A3956D46DE8}") = "SignalRRealTime", "SignalRRealTime", "{E064388A-1909-48C7-9B5D-EE4610128F34}"
EndProject
Project("{9A19103F-16F7-4668-BE54-9A1E7A4F7556}") = "MultiShop.SignalRRealTimeApi", "SignalRRealTime\MultiShop.SignalRRealTimeApi\MultiShop.SignalRRealTimeApi.csproj", "{B7B802BD-15BD-42A7-9177-291111CDF1B6}"
EndProject
Project("{9A19103F-16F7-4668-BE54-9A1E7A4F7556}") = "MultiShop.Images.WebUI", "Services\Images\MultiShop.Images.WebUI\MultiShop.Images.WebUI.csproj", "{FCD1A8D6-E59A-4E19-B417-797C0F8E3C33}"
EndProject
Project("{2150E333-8FDC-42A3-9474-1A3956D46DE8}") = "RabbitMQMessage", "RabbitMQMessage", "{DF71E06A-6CB8-4E06-B106-13CF1F8981E1}"
EndProject
Project("{FAE04EC0-301F-11D3-BF4B-00C04F79EFBC}") = "MultiShop.RabbitMQMessage", "Services\RabbitMQMessage\MultiShop.RabbitMQMessage\MultiShop.RabbitMQMessage.csproj", "{6B1ADB81-E353-4114-BBC5-3C05A2683BFF}"
EndProject
Project("{FAE04EC0-301F-11D3-BF4B-00C04F79EFBC}") = "MultiShop.RapidApiWebUI", "RapiApi\MultiShop.RapidApiWebUI\MultiShop.RapidApiWebUI.csproj", "{3661AC10-26AA-4696-9D33-E788417E1904}"
EndProject
Global
	GlobalSection(SolutionConfigurationPlatforms) = preSolution
		Debug|Any CPU = Debug|Any CPU
		Release|Any CPU = Release|Any CPU
	EndGlobalSection
	GlobalSection(ProjectConfigurationPlatforms) = postSolution
		{D98C2A17-3AD0-457C-9EFC-467B0F4E744F}.Debug|Any CPU.ActiveCfg = Debug|Any CPU
		{D98C2A17-3AD0-457C-9EFC-467B0F4E744F}.Debug|Any CPU.Build.0 = Debug|Any CPU
		{D98C2A17-3AD0-457C-9EFC-467B0F4E744F}.Release|Any CPU.ActiveCfg = Release|Any CPU
		{D98C2A17-3AD0-457C-9EFC-467B0F4E744F}.Release|Any CPU.Build.0 = Release|Any CPU
		{6B0BA9D6-E838-442E-BB91-FA67EA419E88}.Debug|Any CPU.ActiveCfg = Debug|Any CPU
		{6B0BA9D6-E838-442E-BB91-FA67EA419E88}.Debug|Any CPU.Build.0 = Debug|Any CPU
		{6B0BA9D6-E838-442E-BB91-FA67EA419E88}.Release|Any CPU.ActiveCfg = Release|Any CPU
		{6B0BA9D6-E838-442E-BB91-FA67EA419E88}.Release|Any CPU.Build.0 = Release|Any CPU
		{550CA249-4FD7-472C-9854-10CC6E3B04D0}.Debug|Any CPU.ActiveCfg = Debug|Any CPU
		{550CA249-4FD7-472C-9854-10CC6E3B04D0}.Debug|Any CPU.Build.0 = Debug|Any CPU
		{550CA249-4FD7-472C-9854-10CC6E3B04D0}.Release|Any CPU.ActiveCfg = Release|Any CPU
		{550CA249-4FD7-472C-9854-10CC6E3B04D0}.Release|Any CPU.Build.0 = Release|Any CPU
		{CC6AFF66-A961-49DD-9804-7E71071F6D78}.Debug|Any CPU.ActiveCfg = Debug|Any CPU
		{CC6AFF66-A961-49DD-9804-7E71071F6D78}.Debug|Any CPU.Build.0 = Debug|Any CPU
		{CC6AFF66-A961-49DD-9804-7E71071F6D78}.Release|Any CPU.ActiveCfg = Release|Any CPU
		{CC6AFF66-A961-49DD-9804-7E71071F6D78}.Release|Any CPU.Build.0 = Release|Any CPU
		{FEC11FB9-6791-4685-91EE-7CB7E8846D1E}.Debug|Any CPU.ActiveCfg = Debug|Any CPU
		{FEC11FB9-6791-4685-91EE-7CB7E8846D1E}.Debug|Any CPU.Build.0 = Debug|Any CPU
		{FEC11FB9-6791-4685-91EE-7CB7E8846D1E}.Release|Any CPU.ActiveCfg = Release|Any CPU
		{FEC11FB9-6791-4685-91EE-7CB7E8846D1E}.Release|Any CPU.Build.0 = Release|Any CPU
		{6CE0E49C-057E-4CF2-9585-7FFC90B938BC}.Debug|Any CPU.ActiveCfg = Debug|Any CPU
		{6CE0E49C-057E-4CF2-9585-7FFC90B938BC}.Debug|Any CPU.Build.0 = Debug|Any CPU
		{6CE0E49C-057E-4CF2-9585-7FFC90B938BC}.Release|Any CPU.ActiveCfg = Release|Any CPU
		{6CE0E49C-057E-4CF2-9585-7FFC90B938BC}.Release|Any CPU.Build.0 = Release|Any CPU
		{A171372E-AB50-4B0A-A610-A9096FE929D7}.Debug|Any CPU.ActiveCfg = Debug|Any CPU
		{A171372E-AB50-4B0A-A610-A9096FE929D7}.Debug|Any CPU.Build.0 = Debug|Any CPU
		{A171372E-AB50-4B0A-A610-A9096FE929D7}.Release|Any CPU.ActiveCfg = Release|Any CPU
		{A171372E-AB50-4B0A-A610-A9096FE929D7}.Release|Any CPU.Build.0 = Release|Any CPU
		{B5DE37F4-6336-44B9-B730-ADAAD46ABF0F}.Debug|Any CPU.ActiveCfg = Debug|Any CPU
		{B5DE37F4-6336-44B9-B730-ADAAD46ABF0F}.Debug|Any CPU.Build.0 = Debug|Any CPU
		{B5DE37F4-6336-44B9-B730-ADAAD46ABF0F}.Release|Any CPU.ActiveCfg = Release|Any CPU
		{B5DE37F4-6336-44B9-B730-ADAAD46ABF0F}.Release|Any CPU.Build.0 = Release|Any CPU
		{A54CE56D-E205-426C-ABE3-F1D277154B1D}.Debug|Any CPU.ActiveCfg = Debug|Any CPU
		{A54CE56D-E205-426C-ABE3-F1D277154B1D}.Debug|Any CPU.Build.0 = Debug|Any CPU
		{A54CE56D-E205-426C-ABE3-F1D277154B1D}.Release|Any CPU.ActiveCfg = Release|Any CPU
		{A54CE56D-E205-426C-ABE3-F1D277154B1D}.Release|Any CPU.Build.0 = Release|Any CPU
		{64D4ED4F-5835-456D-B72B-59AFC1597748}.Debug|Any CPU.ActiveCfg = Debug|Any CPU
		{64D4ED4F-5835-456D-B72B-59AFC1597748}.Debug|Any CPU.Build.0 = Debug|Any CPU
		{64D4ED4F-5835-456D-B72B-59AFC1597748}.Release|Any CPU.ActiveCfg = Release|Any CPU
		{64D4ED4F-5835-456D-B72B-59AFC1597748}.Release|Any CPU.Build.0 = Release|Any CPU
		{D0CCC07E-670B-497A-98B8-C8E649F7E404}.Debug|Any CPU.ActiveCfg = Debug|Any CPU
		{D0CCC07E-670B-497A-98B8-C8E649F7E404}.Debug|Any CPU.Build.0 = Debug|Any CPU
		{D0CCC07E-670B-497A-98B8-C8E649F7E404}.Release|Any CPU.ActiveCfg = Release|Any CPU
		{D0CCC07E-670B-497A-98B8-C8E649F7E404}.Release|Any CPU.Build.0 = Release|Any CPU
		{81CC0983-90FC-4F09-82BC-E2A5BF244031}.Debug|Any CPU.ActiveCfg = Debug|Any CPU
		{81CC0983-90FC-4F09-82BC-E2A5BF244031}.Debug|Any CPU.Build.0 = Debug|Any CPU
		{81CC0983-90FC-4F09-82BC-E2A5BF244031}.Release|Any CPU.ActiveCfg = Release|Any CPU
		{81CC0983-90FC-4F09-82BC-E2A5BF244031}.Release|Any CPU.Build.0 = Release|Any CPU
		{556E5BDC-1E2C-4B45-9C81-5DAC732B434A}.Debug|Any CPU.ActiveCfg = Debug|Any CPU
		{556E5BDC-1E2C-4B45-9C81-5DAC732B434A}.Debug|Any CPU.Build.0 = Debug|Any CPU
		{556E5BDC-1E2C-4B45-9C81-5DAC732B434A}.Release|Any CPU.ActiveCfg = Release|Any CPU
		{556E5BDC-1E2C-4B45-9C81-5DAC732B434A}.Release|Any CPU.Build.0 = Release|Any CPU
		{E501DD83-E5F1-414C-BBA2-C40C6EEE36AA}.Debug|Any CPU.ActiveCfg = Debug|Any CPU
		{E501DD83-E5F1-414C-BBA2-C40C6EEE36AA}.Debug|Any CPU.Build.0 = Debug|Any CPU
		{E501DD83-E5F1-414C-BBA2-C40C6EEE36AA}.Release|Any CPU.ActiveCfg = Release|Any CPU
		{E501DD83-E5F1-414C-BBA2-C40C6EEE36AA}.Release|Any CPU.Build.0 = Release|Any CPU
		{4652F291-9D57-44AB-8F11-0397F919CDDE}.Debug|Any CPU.ActiveCfg = Debug|Any CPU
		{4652F291-9D57-44AB-8F11-0397F919CDDE}.Debug|Any CPU.Build.0 = Debug|Any CPU
		{4652F291-9D57-44AB-8F11-0397F919CDDE}.Release|Any CPU.ActiveCfg = Release|Any CPU
		{4652F291-9D57-44AB-8F11-0397F919CDDE}.Release|Any CPU.Build.0 = Release|Any CPU
		{18FE9D36-9916-46D2-8C54-6BC19B26A413}.Debug|Any CPU.ActiveCfg = Debug|Any CPU
		{18FE9D36-9916-46D2-8C54-6BC19B26A413}.Debug|Any CPU.Build.0 = Debug|Any CPU
		{18FE9D36-9916-46D2-8C54-6BC19B26A413}.Release|Any CPU.ActiveCfg = Release|Any CPU
		{18FE9D36-9916-46D2-8C54-6BC19B26A413}.Release|Any CPU.Build.0 = Release|Any CPU
		{18498A24-3E4A-431C-AE84-F797A0D52268}.Debug|Any CPU.ActiveCfg = Debug|Any CPU
		{18498A24-3E4A-431C-AE84-F797A0D52268}.Debug|Any CPU.Build.0 = Debug|Any CPU
		{18498A24-3E4A-431C-AE84-F797A0D52268}.Release|Any CPU.ActiveCfg = Release|Any CPU
		{18498A24-3E4A-431C-AE84-F797A0D52268}.Release|Any CPU.Build.0 = Release|Any CPU
		{DB340399-7ACD-483F-B5C8-8ED9D5C8E58D}.Debug|Any CPU.ActiveCfg = Debug|Any CPU
		{DB340399-7ACD-483F-B5C8-8ED9D5C8E58D}.Debug|Any CPU.Build.0 = Debug|Any CPU
		{DB340399-7ACD-483F-B5C8-8ED9D5C8E58D}.Release|Any CPU.ActiveCfg = Release|Any CPU
		{DB340399-7ACD-483F-B5C8-8ED9D5C8E58D}.Release|Any CPU.Build.0 = Release|Any CPU
		{4B91FC6D-4AFD-46BE-8616-1CBAF98FB828}.Debug|Any CPU.ActiveCfg = Debug|Any CPU
		{4B91FC6D-4AFD-46BE-8616-1CBAF98FB828}.Debug|Any CPU.Build.0 = Debug|Any CPU
		{4B91FC6D-4AFD-46BE-8616-1CBAF98FB828}.Release|Any CPU.ActiveCfg = Release|Any CPU
		{4B91FC6D-4AFD-46BE-8616-1CBAF98FB828}.Release|Any CPU.Build.0 = Release|Any CPU
		{30EA0ED4-B5D9-4074-8D1B-B4AA4D9BBD6F}.Debug|Any CPU.ActiveCfg = Debug|Any CPU
		{30EA0ED4-B5D9-4074-8D1B-B4AA4D9BBD6F}.Debug|Any CPU.Build.0 = Debug|Any CPU
		{30EA0ED4-B5D9-4074-8D1B-B4AA4D9BBD6F}.Release|Any CPU.ActiveCfg = Release|Any CPU
		{30EA0ED4-B5D9-4074-8D1B-B4AA4D9BBD6F}.Release|Any CPU.Build.0 = Release|Any CPU
		{B7B802BD-15BD-42A7-9177-291111CDF1B6}.Debug|Any CPU.ActiveCfg = Debug|Any CPU
		{B7B802BD-15BD-42A7-9177-291111CDF1B6}.Debug|Any CPU.Build.0 = Debug|Any CPU
		{B7B802BD-15BD-42A7-9177-291111CDF1B6}.Release|Any CPU.ActiveCfg = Release|Any CPU
		{B7B802BD-15BD-42A7-9177-291111CDF1B6}.Release|Any CPU.Build.0 = Release|Any CPU
		{FCD1A8D6-E59A-4E19-B417-797C0F8E3C33}.Debug|Any CPU.ActiveCfg = Debug|Any CPU
		{FCD1A8D6-E59A-4E19-B417-797C0F8E3C33}.Debug|Any CPU.Build.0 = Debug|Any CPU
		{FCD1A8D6-E59A-4E19-B417-797C0F8E3C33}.Release|Any CPU.ActiveCfg = Release|Any CPU
		{FCD1A8D6-E59A-4E19-B417-797C0F8E3C33}.Release|Any CPU.Build.0 = Release|Any CPU
		{6B1ADB81-E353-4114-BBC5-3C05A2683BFF}.Debug|Any CPU.ActiveCfg = Debug|Any CPU
		{6B1ADB81-E353-4114-BBC5-3C05A2683BFF}.Debug|Any CPU.Build.0 = Debug|Any CPU
		{6B1ADB81-E353-4114-BBC5-3C05A2683BFF}.Release|Any CPU.ActiveCfg = Release|Any CPU
		{6B1ADB81-E353-4114-BBC5-3C05A2683BFF}.Release|Any CPU.Build.0 = Release|Any CPU
		{3661AC10-26AA-4696-9D33-E788417E1904}.Debug|Any CPU.ActiveCfg = Debug|Any CPU
		{3661AC10-26AA-4696-9D33-E788417E1904}.Debug|Any CPU.Build.0 = Debug|Any CPU
		{3661AC10-26AA-4696-9D33-E788417E1904}.Release|Any CPU.ActiveCfg = Release|Any CPU
		{3661AC10-26AA-4696-9D33-E788417E1904}.Release|Any CPU.Build.0 = Release|Any CPU
	EndGlobalSection
	GlobalSection(SolutionProperties) = preSolution
		HideSolutionNode = FALSE
	EndGlobalSection
	GlobalSection(NestedProjects) = preSolution
		{72AF71AE-7827-4EAF-82DD-7640F27FE9A8} = {34F181B3-327F-4615-AFB5-60F834ED010A}
		{5039275F-FE4B-405B-AB08-6A6DDB136EA7} = {34F181B3-327F-4615-AFB5-60F834ED010A}
		{D98C2A17-3AD0-457C-9EFC-467B0F4E744F} = {5039275F-FE4B-405B-AB08-6A6DDB136EA7}
		{6B0BA9D6-E838-442E-BB91-FA67EA419E88} = {72AF71AE-7827-4EAF-82DD-7640F27FE9A8}
		{E6F2E466-A7FE-4EB5-941F-B8C9CDAEDA2E} = {34F181B3-327F-4615-AFB5-60F834ED010A}
		{398D852D-33F7-4F39-B8D5-0E294536DAB4} = {E6F2E466-A7FE-4EB5-941F-B8C9CDAEDA2E}
		{C1DC852A-C323-4B37-86F0-5FB948BFC219} = {E6F2E466-A7FE-4EB5-941F-B8C9CDAEDA2E}
		{4E8E5F71-C945-44F5-B121-F6AFCCA2B1D5} = {E6F2E466-A7FE-4EB5-941F-B8C9CDAEDA2E}
		{550CA249-4FD7-472C-9854-10CC6E3B04D0} = {398D852D-33F7-4F39-B8D5-0E294536DAB4}
		{CC6AFF66-A961-49DD-9804-7E71071F6D78} = {398D852D-33F7-4F39-B8D5-0E294536DAB4}
		{FEC11FB9-6791-4685-91EE-7CB7E8846D1E} = {C1DC852A-C323-4B37-86F0-5FB948BFC219}
		{6CE0E49C-057E-4CF2-9585-7FFC90B938BC} = {4E8E5F71-C945-44F5-B121-F6AFCCA2B1D5}
		{A171372E-AB50-4B0A-A610-A9096FE929D7} = {056508DE-6F86-48DC-9093-433E6F3F0D58}
		{7D07CEE5-D4FA-4E70-9BFA-24646C7F7CB0} = {34F181B3-327F-4615-AFB5-60F834ED010A}
		{B5DE37F4-6336-44B9-B730-ADAAD46ABF0F} = {7D07CEE5-D4FA-4E70-9BFA-24646C7F7CB0}
		{A54CE56D-E205-426C-ABE3-F1D277154B1D} = {7D07CEE5-D4FA-4E70-9BFA-24646C7F7CB0}
		{64D4ED4F-5835-456D-B72B-59AFC1597748} = {7D07CEE5-D4FA-4E70-9BFA-24646C7F7CB0}
		{D0CCC07E-670B-497A-98B8-C8E649F7E404} = {7D07CEE5-D4FA-4E70-9BFA-24646C7F7CB0}
		{81CC0983-90FC-4F09-82BC-E2A5BF244031} = {7D07CEE5-D4FA-4E70-9BFA-24646C7F7CB0}
		{C8FC8799-4631-4CFA-A8C2-AF0C8AC0DA03} = {34F181B3-327F-4615-AFB5-60F834ED010A}
		{556E5BDC-1E2C-4B45-9C81-5DAC732B434A} = {C8FC8799-4631-4CFA-A8C2-AF0C8AC0DA03}
		{E501DD83-E5F1-414C-BBA2-C40C6EEE36AA} = {D46EF354-D4FF-41F4-AE66-CC35E034BAAF}
		{4652F291-9D57-44AB-8F11-0397F919CDDE} = {D46EF354-D4FF-41F4-AE66-CC35E034BAAF}
		{AB8C7F55-4CD9-4D86-9CC1-C9C5229CBF60} = {34F181B3-327F-4615-AFB5-60F834ED010A}
		{18FE9D36-9916-46D2-8C54-6BC19B26A413} = {AB8C7F55-4CD9-4D86-9CC1-C9C5229CBF60}
		{18498A24-3E4A-431C-AE84-F797A0D52268} = {D2B9A8E2-E82F-475A-AF47-B11504CCC96F}
		{A991B4EB-B401-4A80-9C52-80B0C955BEFB} = {34F181B3-327F-4615-AFB5-60F834ED010A}
		{DB340399-7ACD-483F-B5C8-8ED9D5C8E58D} = {A991B4EB-B401-4A80-9C52-80B0C955BEFB}
		{629D89C1-E787-40BC-8641-AFF5BA6712CA} = {34F181B3-327F-4615-AFB5-60F834ED010A}
		{4B91FC6D-4AFD-46BE-8616-1CBAF98FB828} = {629D89C1-E787-40BC-8641-AFF5BA6712CA}
		{84E6C143-9B5F-460D-9A4A-84B7148D4EA1} = {34F181B3-327F-4615-AFB5-60F834ED010A}
		{30EA0ED4-B5D9-4074-8D1B-B4AA4D9BBD6F} = {84E6C143-9B5F-460D-9A4A-84B7148D4EA1}
		{E064388A-1909-48C7-9B5D-EE4610128F34} = {34F181B3-327F-4615-AFB5-60F834ED010A}
		{B7B802BD-15BD-42A7-9177-291111CDF1B6} = {E064388A-1909-48C7-9B5D-EE4610128F34}
		{FCD1A8D6-E59A-4E19-B417-797C0F8E3C33} = {629D89C1-E787-40BC-8641-AFF5BA6712CA}
		{DF71E06A-6CB8-4E06-B106-13CF1F8981E1} = {34F181B3-327F-4615-AFB5-60F834ED010A}
		{6B1ADB81-E353-4114-BBC5-3C05A2683BFF} = {DF71E06A-6CB8-4E06-B106-13CF1F8981E1}
		{3661AC10-26AA-4696-9D33-E788417E1904} = {D4423CC2-4C19-4774-933B-1D07B51F8E60}
	EndGlobalSection
	GlobalSection(ExtensibilityGlobals) = postSolution
		SolutionGuid = {2FDF0E86-FCC8-497E-BB00-39B221662422}
	EndGlobalSection
EndGlobal
