
Microsoft Visual Studio Solution File, Format Version 12.00
# Visual Studio Version 17
VisualStudioVersion = 17.11.35303.130
MinimumVisualStudioVersion = 10.0.40219.1
Project("{2150E333-8FDC-42A3-9474-1A3956D46DE8}") = "Services", "Services", "{34F181B3-327F-4615-AFB5-60F834ED010A}"
EndProject
Project("{2150E333-8FDC-42A3-9474-1A3956D46DE8}") = "Catalog", "Catalog", "{72AF71AE-7827-4EAF-82DD-7640F27FE9A8}"
EndProject
Project("{9A19103F-16F7-4668-BE54-9A1E7A4F7556}") = "MultiShop.Catalog", "MultiShop.Catalog\MultiShop.Catalog.csproj", "{6F66793A-0B53-4414-87BB-039C4E50F52D}"
EndProject
Project("{2150E333-8FDC-42A3-9474-1A3956D46DE8}") = "Product", "Product", "{5039275F-FE4B-405B-AB08-6A6DDB136EA7}"
EndProject
Global
	GlobalSection(SolutionConfigurationPlatforms) = preSolution
		Debug|Any CPU = Debug|Any CPU
		Release|Any CPU = Release|Any CPU
	EndGlobalSection
	GlobalSection(ProjectConfigurationPlatforms) = postSolution
		{6F66793A-0B53-4414-87BB-039C4E50F52D}.Debug|Any CPU.ActiveCfg = Debug|Any CPU
		{6F66793A-0B53-4414-87BB-039C4E50F52D}.Debug|Any CPU.Build.0 = Debug|Any CPU
		{6F66793A-0B53-4414-87BB-039C4E50F52D}.Release|Any CPU.ActiveCfg = Release|Any CPU
		{6F66793A-0B53-4414-87BB-039C4E50F52D}.Release|Any CPU.Build.0 = Release|Any CPU
	EndGlobalSection
	GlobalSection(SolutionProperties) = preSolution
		HideSolutionNode = FALSE
	EndGlobalSection
	GlobalSection(NestedProjects) = preSolution
		{72AF71AE-7827-4EAF-82DD-7640F27FE9A8} = {34F181B3-327F-4615-AFB5-60F834ED010A}
		{6F66793A-0B53-4414-87BB-039C4E50F52D} = {72AF71AE-7827-4EAF-82DD-7640F27FE9A8}
		{5039275F-FE4B-405B-AB08-6A6DDB136EA7} = {34F181B3-327F-4615-AFB5-60F834ED010A}
	EndGlobalSection
	GlobalSection(ExtensibilityGlobals) = postSolution
		SolutionGuid = {2FDF0E86-FCC8-497E-BB00-39B221662422}
	EndGlobalSection
EndGlobal
